
Microsoft Visual Studio Solution File, Format Version 12.00
# Visual Studio Version 17
VisualStudioVersion = 17.11.35312.102
MinimumVisualStudioVersion = 10.0.40219.1
Project("{FAE04EC0-301F-11D3-BF4B-00C04F79EFBC}") = "NewTalents", "NewTalents\NewTalents.csproj", "{6FEA2FDB-029D-4D15-820A-C3DDBFB266E2}"
EndProject
Project("{FAE04EC0-301F-11D3-BF4B-00C04F79EFBC}") = "TestNewTalents", "TestNewTalents\TestNewTalents.csproj", "{210C3218-0DB7-4719-A1D7-AA4292C79573}"
EndProject
Global
	GlobalSection(SolutionConfigurationPlatforms) = preSolution
		Debug|Any CPU = Debug|Any CPU
		Release|Any CPU = Release|Any CPU
	EndGlobalSection
	GlobalSection(ProjectConfigurationPlatforms) = postSolution
		{6FEA2FDB-029D-4D15-820A-C3DDBFB266E2}.Debug|Any CPU.ActiveCfg = Debug|Any CPU
		{6FEA2FDB-029D-4D15-820A-C3DDBFB266E2}.Debug|Any CPU.Build.0 = Debug|Any CPU
		{6FEA2FDB-029D-4D15-820A-C3DDBFB266E2}.Release|Any CPU.ActiveCfg = Release|Any CPU
		{6FEA2FDB-029D-4D15-820A-C3DDBFB266E2}.Release|Any CPU.Build.0 = Release|Any CPU
		{210C3218-0DB7-4719-A1D7-AA4292C79573}.Debug|Any CPU.ActiveCfg = Debug|Any CPU
		{210C3218-0DB7-4719-A1D7-AA4292C79573}.Debug|Any CPU.Build.0 = Debug|Any CPU
		{210C3218-0DB7-4719-A1D7-AA4292C79573}.Release|Any CPU.ActiveCfg = Release|Any CPU
		{210C3218-0DB7-4719-A1D7-AA4292C79573}.Release|Any CPU.Build.0 = Release|Any CPU
	EndGlobalSection
	GlobalSection(SolutionProperties) = preSolution
		HideSolutionNode = FALSE
	EndGlobalSection
	GlobalSection(ExtensibilityGlobals) = postSolution
		SolutionGuid = {A181A66B-234E-47AE-8A64-693C6F0A571A}
	EndGlobalSection
EndGlobal
